{
  "name": "vuepress-blog",
  "version": "1.0.0",
  "lockfileVersion": 1,
  "requires": true,
  "dependencies": {
    "vuepress-plugin-auto-sidebar": {
      "version": "1.4.1",
      "resolved": "https://registry.npmjs.org/vuepress-plugin-auto-sidebar/-/vuepress-plugin-auto-sidebar-1.4.1.tgz",
      "integrity": "sha512-sJHMkd8ASvKnSp0dBeceQDirpW+56oWZNZgaip/yyvhpz3txjj2F5ECx7VuGwy0L/pahpIyyKwOsXY7POuMcfw==",
      "dev": true
    }
  }
}
